{
	"name": "@lerna/init",
	"version": "3.21.0",
	"lockfileVersion": 1,
	"requires": true,
	"dependencies": {
		"detect-indent": {
			"version": "5.0.0",
			"resolved": "https://registry.npmjs.org/detect-indent/-/detect-indent-5.0.0.tgz",
			"integrity": "sha1-OHHMCmoALow+Wzz38zYmRnXwa50="
		},
		"fs-extra": {
			"version": "8.1.0",
			"resolved": "https://registry.npmjs.org/fs-extra/-/fs-extra-8.1.0.tgz",
			"integrity": "sha512-yhlQgA6mnOJUKOsRUFsgJdQCvkKhcz8tlZG5HBQfReYZy46OwLcY+Zia0mtdHsOo9y/hP+CxMN0TU9QxoOtG4g==",
			"requires": {
				"graceful-fs": "^4.2.0",
				"jsonfile": "^4.0.0",
				"universalify": "^0.1.0"
			}
		},
		"graceful-fs": {
			"version": "4.2.4",
			"resolved": "https://registry.npmjs.org/graceful-fs/-/graceful-fs-4.2.4.tgz",
			"integrity": "sha512-WjKPNJF79dtJAVniUlGGWHYGz2jWxT6VhN/4m1NdkbZ2nOsEF+cI1Edgql5zCRhs/VsQYRvrXctxktVXZUkixw=="
		},
		"imurmurhash": {
			"version": "0.1.4",
			"resolved": "https://registry.npmjs.org/imurmurhash/-/imurmurhash-0.1.4.tgz",
			"integrity": "sha1-khi5srkoojixPcT7a21XbyMUU+o="
		},
		"is-plain-obj": {
			"version": "1.1.0",
			"resolved": "https://registry.npmjs.org/is-plain-obj/-/is-plain-obj-1.1.0.tgz",
			"integrity": "sha1-caUMhCnfync8kqOQpKA7OfzVHT4="
		},
		"jsonfile": {
			"version": "4.0.0",
			"resolved": "https://registry.npmjs.org/jsonfile/-/jsonfile-4.0.0.tgz",
			"integrity": "sha1-h3Gq4HmbZAdrdmQPygWPnBDjPss=",
			"requires": {
				"graceful-fs": "^4.1.6"
			}
		},
		"make-dir": {
			"version": "2.1.0",
			"resolved": "https://registry.npmjs.org/make-dir/-/make-dir-2.1.0.tgz",
			"integrity": "sha512-LS9X+dc8KLxXCb8dni79fLIIUA5VyZoyjSMCwTluaXA0o27cCK0bhXkpgw+sTXVpPy/lSO57ilRixqk0vDmtRA==",
			"requires": {
				"pify": "^4.0.1",
				"semver": "^5.6.0"
			}
		},
		"p-map": {
			"version": "2.1.0",
			"resolved": "https://registry.npmjs.org/p-map/-/p-map-2.1.0.tgz",
			"integrity": "sha512-y3b8Kpd8OAN444hxfBbFfj1FY/RjtTd8tzYwhUqNYXx0fXx2iX4maP4Qr6qhIKbQXI02wTLAda4fYUbDagTUFw=="
		},
		"pify": {
			"version": "4.0.1",
			"resolved": "https://registry.npmjs.org/pify/-/pify-4.0.1.tgz",
			"integrity": "sha512-uB80kBFb/tfd68bVleG9T5GGsGPjJrLAUpR5PZIrhBnIaRTQRjqdJSsIKkOP6OAIFbj7GOrcudc5pNjZ+geV2g=="
		},
		"semver": {
			"version": "5.7.1",
			"resolved": "https://registry.npmjs.org/semver/-/semver-5.7.1.tgz",
			"integrity": "sha512-sauaDf/PZdVgrLTNYHRtpXa1iRiKcaebiKQ1BJdpQlWH2lCvexQdX55snPFyK7QzpudqbCI0qXFfOasHdyNDGQ=="
		},
		"signal-exit": {
			"version": "3.0.3",
			"resolved": "https://registry.npmjs.org/signal-exit/-/signal-exit-3.0.3.tgz",
			"integrity": "sha512-VUJ49FC8U1OxwZLxIbTTrDvLnf/6TDgxZcK8wxR8zs13xpx7xbG60ndBlhNrFi2EMuFRoeDoJO7wthSLq42EjA=="
		},
		"sort-keys": {
			"version": "2.0.0",
			"resolved": "https://registry.npmjs.org/sort-keys/-/sort-keys-2.0.0.tgz",
			"integrity": "sha1-ZYU1WEhh7JfXMNbPQYIuH1ZoQSg=",
			"requires": {
				"is-plain-obj": "^1.0.0"
			}
		},
		"universalify": {
			"version": "0.1.2",
			"resolved": "https://registry.npmjs.org/universalify/-/universalify-0.1.2.tgz",
			"integrity": "sha512-rBJeI5CXAlmy1pV+617WB9J63U6XcazHHF2f2dbJix4XzpUF0RS3Zbj0FGIOCAva5P/d/GBOYaACQ1w+0azUkg=="
		},
		"write-file-atomic": {
			"version": "2.4.3",
			"resolved": "https://registry.npmjs.org/write-file-atomic/-/write-file-atomic-2.4.3.tgz",
			"integrity": "sha512-GaETH5wwsX+GcnzhPgKcKjJ6M2Cq3/iZp1WyY/X1CSqrW+jVNM9Y7D8EC2sM4ZG/V8wZlSniJnCKWPmBYAucRQ==",
			"requires": {
				"graceful-fs": "^4.1.11",
				"imurmurhash": "^0.1.4",
				"signal-exit": "^3.0.2"
			}
		},
		"write-json-file": {
			"version": "3.2.0",
			"resolved": "https://registry.npmjs.org/write-json-file/-/write-json-file-3.2.0.tgz",
			"integrity": "sha512-3xZqT7Byc2uORAatYiP3DHUUAVEkNOswEWNs9H5KXiicRTvzYzYqKjYc4G7p+8pltvAw641lVByKVtMpf+4sYQ==",
			"requires": {
				"detect-indent": "^5.0.0",
				"graceful-fs": "^4.1.15",
				"make-dir": "^2.1.0",
				"pify": "^4.0.1",
				"sort-keys": "^2.0.0",
				"write-file-atomic": "^2.4.2"
			}
		}
	}
}
