{
	"name": "@lerna/otplease",
	"version": "3.18.5",
	"lockfileVersion": 1,
	"requires": true,
	"dependencies": {
		"figgy-pudding": {
			"version": "3.5.2",
			"resolved": "https://registry.npmjs.org/figgy-pudding/-/figgy-pudding-3.5.2.tgz",
			"integrity": "sha512-0btnI/H8f2pavGMN8w40mlSKOfTK2SVJmBfBeVIj3kNw0swwgzyRq0d5TJVOwodFmtvpPeWPN/MCcfuWF0Ezbw=="
		}
	}
}
