{
	"name": "@lerna/info",
	"version": "3.21.0",
	"lockfileVersion": 1,
	"requires": true,
	"dependencies": {
		"envinfo": {
			"version": "7.5.1",
			"resolved": "https://registry.npmjs.org/envinfo/-/envinfo-7.5.1.tgz",
			"integrity": "sha512-hQBkDf2iO4Nv0CNHpCuSBeaSrveU6nThVxFGTrq/eDlV716UQk09zChaJae4mZRsos1x4YLY2TaH3LHUae3ZmQ=="
		}
	}
}
